
Microsoft Visual Studio Solution File, Format Version 12.00
# Visual Studio 15
VisualStudioVersion = 15.0.26124.0
MinimumVisualStudioVersion = 15.0.26124.0
Project("{2150E333-8FDC-42A3-9474-1A3956D46DE8}") = "src", "src", "{F82A806D-22C0-4FD7-9AC7-39577E036C38}"
EndProject
Project("{FAE04EC0-301F-11D3-BF4B-00C04F79EFBC}") = "AdventOfCode", "src\AdventOfCode\AdventOfCode.csproj", "{0AA50A3E-6DD2-4A0B-9549-2CD152C82AE7}"
EndProject
Project("{2150E333-8FDC-42A3-9474-1A3956D46DE8}") = "test", "test", "{A09FFB0C-5D70-4B7B-B947-ED0227779A7E}"
EndProject
Project("{FAE04EC0-301F-11D3-BF4B-00C04F79EFBC}") = "AdventOfCode.Test", "test\AdventOfCode.Test\AdventOfCode.Test.csproj", "{E0B877E8-A685-42CC-BE95-3E5E8D5198FE}"
EndProject
Global
	GlobalSection(SolutionConfigurationPlatforms) = preSolution
		Debug|Any CPU = Debug|Any CPU
		Debug|x64 = Debug|x64
		Debug|x86 = Debug|x86
		Release|Any CPU = Release|Any CPU
		Release|x64 = Release|x64
		Release|x86 = Release|x86
	EndGlobalSection
	GlobalSection(SolutionProperties) = preSolution
		HideSolutionNode = FALSE
	EndGlobalSection
	GlobalSection(ProjectConfigurationPlatforms) = postSolution
		{0AA50A3E-6DD2-4A0B-9549-2CD152C82AE7}.Debug|Any CPU.ActiveCfg = Debug|Any CPU
		{0AA50A3E-6DD2-4A0B-9549-2CD152C82AE7}.Debug|Any CPU.Build.0 = Debug|Any CPU
		{0AA50A3E-6DD2-4A0B-9549-2CD152C82AE7}.Debug|x64.ActiveCfg = Debug|x64
		{0AA50A3E-6DD2-4A0B-9549-2CD152C82AE7}.Debug|x64.Build.0 = Debug|x64
		{0AA50A3E-6DD2-4A0B-9549-2CD152C82AE7}.Debug|x86.ActiveCfg = Debug|x86
		{0AA50A3E-6DD2-4A0B-9549-2CD152C82AE7}.Debug|x86.Build.0 = Debug|x86
		{0AA50A3E-6DD2-4A0B-9549-2CD152C82AE7}.Release|Any CPU.ActiveCfg = Release|Any CPU
		{0AA50A3E-6DD2-4A0B-9549-2CD152C82AE7}.Release|Any CPU.Build.0 = Release|Any CPU
		{0AA50A3E-6DD2-4A0B-9549-2CD152C82AE7}.Release|x64.ActiveCfg = Release|x64
		{0AA50A3E-6DD2-4A0B-9549-2CD152C82AE7}.Release|x64.Build.0 = Release|x64
		{0AA50A3E-6DD2-4A0B-9549-2CD152C82AE7}.Release|x86.ActiveCfg = Release|x86
		{0AA50A3E-6DD2-4A0B-9549-2CD152C82AE7}.Release|x86.Build.0 = Release|x86
		{E0B877E8-A685-42CC-BE95-3E5E8D5198FE}.Debug|Any CPU.ActiveCfg = Debug|Any CPU
		{E0B877E8-A685-42CC-BE95-3E5E8D5198FE}.Debug|Any CPU.Build.0 = Debug|Any CPU
		{E0B877E8-A685-42CC-BE95-3E5E8D5198FE}.Debug|x64.ActiveCfg = Debug|x64
		{E0B877E8-A685-42CC-BE95-3E5E8D5198FE}.Debug|x64.Build.0 = Debug|x64
		{E0B877E8-A685-42CC-BE95-3E5E8D5198FE}.Debug|x86.ActiveCfg = Debug|x86
		{E0B877E8-A685-42CC-BE95-3E5E8D5198FE}.Debug|x86.Build.0 = Debug|x86
		{E0B877E8-A685-42CC-BE95-3E5E8D5198FE}.Release|Any CPU.ActiveCfg = Release|Any CPU
		{E0B877E8-A685-42CC-BE95-3E5E8D5198FE}.Release|Any CPU.Build.0 = Release|Any CPU
		{E0B877E8-A685-42CC-BE95-3E5E8D5198FE}.Release|x64.ActiveCfg = Release|x64
		{E0B877E8-A685-42CC-BE95-3E5E8D5198FE}.Release|x64.Build.0 = Release|x64
		{E0B877E8-A685-42CC-BE95-3E5E8D5198FE}.Release|x86.ActiveCfg = Release|x86
		{E0B877E8-A685-42CC-BE95-3E5E8D5198FE}.Release|x86.Build.0 = Release|x86
	EndGlobalSection
	GlobalSection(NestedProjects) = preSolution
		{0AA50A3E-6DD2-4A0B-9549-2CD152C82AE7} = {F82A806D-22C0-4FD7-9AC7-39577E036C38}
		{E0B877E8-A685-42CC-BE95-3E5E8D5198FE} = {A09FFB0C-5D70-4B7B-B947-ED0227779A7E}
	EndGlobalSection
EndGlobal
